// !$*UTF8*$!
{
	archiveVersion = 1;
	classes = {
	};
	objectVersion = 50;
	objects = {

/* Begin PBXBuildFile section */
		9E018FBA237AADF1006954CA /* AppDelegate.swift in Sources */ = {isa = PBXBuildFile; fileRef = 9E018FB9237AADF1006954CA /* AppDelegate.swift */; };
		9E018FBC237AADF1006954CA /* SceneDelegate.swift in Sources */ = {isa = PBXBuildFile; fileRef = 9E018FBB237AADF1006954CA /* SceneDelegate.swift */; };
		9E018FBE237AADF1006954CA /* ViewController.swift in Sources */ = {isa = PBXBuildFile; fileRef = 9E018FBD237AADF1006954CA /* ViewController.swift */; };
		9E018FC1237AADF1006954CA /* Main.storyboard in Resources */ = {isa = PBXBuildFile; fileRef = 9E018FBF237AADF1006954CA /* Main.storyboard */; };
		9E018FC3237AADF3006954CA /* Assets.xcassets in Resources */ = {isa = PBXBuildFile; fileRef = 9E018FC2237AADF3006954CA /* Assets.xcassets */; };
		9E018FC6237AADF3006954CA /* LaunchScreen.storyboard in Resources */ = {isa = PBXBuildFile; fileRef = 9E018FC4237AADF3006954CA /* LaunchScreen.storyboard */; };
		9E018FCE237AAF57006954CA /* SlideInSegue.swift in Sources */ = {isa = PBXBuildFile; fileRef = 9E018FCD237AAF57006954CA /* SlideInSegue.swift */; };
		9E018FD0237AB221006954CA /* DetailViewController.swift in Sources */ = {isa = PBXBuildFile; fileRef = 9E018FCF237AB221006954CA /* DetailViewController.swift */; };
		9E018FD2237AB33A006954CA /* SlideInPresentationController.swift in Sources */ = {isa = PBXBuildFile; fileRef = 9E018FD1237AB33A006954CA /* SlideInPresentationController.swift */; };
		9E018FD4237ABA10006954CA /* SlideInPresentationAnimator.swift in Sources */ = {isa = PBXBuildFile; fileRef = 9E018FD3237ABA10006954CA /* SlideInPresentationAnimator.swift */; };
		9E018FD8237ABBF6006954CA /* OverlaySegue.swift in Sources */ = {isa = PBXBuildFile; fileRef = 9E018FD6237ABBF6006954CA /* OverlaySegue.swift */; };
		9E018FD9237ABBF6006954CA /* OverlayPresentationController.swift in Sources */ = {isa = PBXBuildFile; fileRef = 9E018FD7237ABBF6006954CA /* OverlayPresentationController.swift */; };
/* End PBXBuildFile section */

/* Begin PBXFileReference section */
		9E018FB6237AADF1006954CA /* PresentationController.app */ = {isa = PBXFileReference; explicitFileType = wrapper.application; includeInIndex = 0; path = PresentationController.app; sourceTree = BUILT_PRODUCTS_DIR; };
		9E018FB9237AADF1006954CA /* AppDelegate.swift */ = {isa = PBXFileReference; lastKnownFileType = sourcecode.swift; path = AppDelegate.swift; sourceTree = "<group>"; };
		9E018FBB237AADF1006954CA /* SceneDelegate.swift */ = {isa = PBXFileReference; lastKnownFileType = sourcecode.swift; path = SceneDelegate.swift; sourceTree = "<group>"; };
		9E018FBD237AADF1006954CA /* ViewController.swift */ = {isa = PBXFileReference; lastKnownFileType = sourcecode.swift; path = ViewController.swift; sourceTree = "<group>"; };
		9E018FC0237AADF1006954CA /* Base */ = {isa = PBXFileReference; lastKnownFileType = file.storyboard; name = Base; path = Base.lproj/Main.storyboard; sourceTree = "<group>"; };
		9E018FC2237AADF3006954CA /* Assets.xcassets */ = {isa = PBXFileReference; lastKnownFileType = folder.assetcatalog; path = Assets.xcassets; sourceTree = "<group>"; };
		9E018FC5237AADF3006954CA /* Base */ = {isa = PBXFileReference; lastKnownFileType = file.storyboard; name = Base; path = Base.lproj/LaunchScreen.storyboard; sourceTree = "<group>"; };
		9E018FC7237AADF3006954CA /* Info.plist */ = {isa = PBXFileReference; lastKnownFileType = text.plist.xml; path = Info.plist; sourceTree = "<group>"; };
		9E018FCD237AAF57006954CA /* SlideInSegue.swift */ = {isa = PBXFileReference; lastKnownFileType = sourcecode.swift; path = SlideInSegue.swift; sourceTree = "<group>"; };
		9E018FCF237AB221006954CA /* DetailViewController.swift */ = {isa = PBXFileReference; lastKnownFileType = sourcecode.swift; path = DetailViewController.swift; sourceTree = "<group>"; };
		9E018FD1237AB33A006954CA /* SlideInPresentationController.swift */ = {isa = PBXFileReference; lastKnownFileType = sourcecode.swift; path = SlideInPresentationController.swift; sourceTree = "<group>"; };
		9E018FD3237ABA10006954CA /* SlideInPresentationAnimator.swift */ = {isa = PBXFileReference; lastKnownFileType = sourcecode.swift; path = SlideInPresentationAnimator.swift; sourceTree = "<group>"; };
		9E018FD6237ABBF6006954CA /* OverlaySegue.swift */ = {isa = PBXFileReference; fileEncoding = 4; lastKnownFileType = sourcecode.swift; path = OverlaySegue.swift; sourceTree = "<group>"; };
		9E018FD7237ABBF6006954CA /* OverlayPresentationController.swift */ = {isa = PBXFileReference; fileEncoding = 4; lastKnownFileType = sourcecode.swift; path = OverlayPresentationController.swift; sourceTree = "<group>"; };
/* End PBXFileReference section */

/* Begin PBXFrameworksBuildPhase section */
		9E018FB3237AADF1006954CA /* Frameworks */ = {
			isa = PBXFrameworksBuildPhase;
			buildActionMask = 2147483647;
			files = (
			);
			runOnlyForDeploymentPostprocessing = 0;
		};
/* End PBXFrameworksBuildPhase section */

/* Begin PBXGroup section */
		9E018FAD237AADF1006954CA = {
			isa = PBXGroup;
			children = (
				9E018FB8237AADF1006954CA /* PresentationController */,
				9E018FB7237AADF1006954CA /* Products */,
			);
			sourceTree = "<group>";
		};
		9E018FB7237AADF1006954CA /* Products */ = {
			isa = PBXGroup;
			children = (
				9E018FB6237AADF1006954CA /* PresentationController.app */,
			);
			name = Products;
			sourceTree = "<group>";
		};
		9E018FB8237AADF1006954CA /* PresentationController */ = {
			isa = PBXGroup;
			children = (
				9E018FB9237AADF1006954CA /* AppDelegate.swift */,
				9E018FBB237AADF1006954CA /* SceneDelegate.swift */,
				9E018FBD237AADF1006954CA /* ViewController.swift */,
				9E018FCF237AB221006954CA /* DetailViewController.swift */,
				9E018FBF237AADF1006954CA /* Main.storyboard */,
				9E018FC2237AADF3006954CA /* Assets.xcassets */,
				9E018FC4237AADF3006954CA /* LaunchScreen.storyboard */,
				9E018FC7237AADF3006954CA /* Info.plist */,
				9E018FD5237ABBF6006954CA /* Segues */,
				9E018FCD237AAF57006954CA /* SlideInSegue.swift */,
				9E018FD1237AB33A006954CA /* SlideInPresentationController.swift */,
				9E018FD3237ABA10006954CA /* SlideInPresentationAnimator.swift */,
			);
			path = PresentationController;
			sourceTree = "<group>";
		};
		9E018FD5237ABBF6006954CA /* Segues */ = {
			isa = PBXGroup;
			children = (
				9E018FD6237ABBF6006954CA /* OverlaySegue.swift */,
				9E018FD7237ABBF6006954CA /* OverlayPresentationController.swift */,
			);
			path = Segues;
			sourceTree = "<group>";
		};
/* End PBXGroup section */

/* Begin PBXNativeTarget section */
		9E018FB5237AADF1006954CA /* PresentationController */ = {
			isa = PBXNativeTarget;
			buildConfigurationList = 9E018FCA237AADF3006954CA /* Build configuration list for PBXNativeTarget "PresentationController" */;
			buildPhases = (
				9E018FB2237AADF1006954CA /* Sources */,
				9E018FB3237AADF1006954CA /* Frameworks */,
				9E018FB4237AADF1006954CA /* Resources */,
			);
			buildRules = (
			);
			dependencies = (
			);
			name = PresentationController;
			productName = PresentationController;
			productReference = 9E018FB6237AADF1006954CA /* PresentationController.app */;
			productType = "com.apple.product-type.application";
		};
/* End PBXNativeTarget section */

/* Begin PBXProject section */
		9E018FAE237AADF1006954CA /* Project object */ = {
			isa = PBXProject;
			attributes = {
				LastSwiftUpdateCheck = 1100;
				LastUpgradeCheck = 1100;
				ORGANIZATIONNAME = "Michael Nino Evensen";
				TargetAttributes = {
					9E018FB5237AADF1006954CA = {
						CreatedOnToolsVersion = 11.0;
					};
				};
			};
			buildConfigurationList = 9E018FB1237AADF1006954CA /* Build configuration list for PBXProject "PresentationController" */;
			compatibilityVersion = "Xcode 9.3";
			developmentRegion = en;
			hasScannedForEncodings = 0;
			knownRegions = (
				en,
				Base,
			);
			mainGroup = 9E018FAD237AADF1006954CA;
			productRefGroup = 9E018FB7237AADF1006954CA /* Products */;
			projectDirPath = "";
			projectRoot = "";
			targets = (
				9E018FB5237AADF1006954CA /* PresentationController */,
			);
		};
/* End PBXProject section */

/* Begin PBXResourcesBuildPhase section */
		9E018FB4237AADF1006954CA /* Resources */ = {
			isa = PBXResourcesBuildPhase;
			buildActionMask = 2147483647;
			files = (
				9E018FC6237AADF3006954CA /* LaunchScreen.storyboard in Resources */,
				9E018FC3237AADF3006954CA /* Assets.xcassets in Resources */,
				9E018FC1237AADF1006954CA /* Main.storyboard in Resources */,
			);
			runOnlyForDeploymentPostprocessing = 0;
		};
/* End PBXResourcesBuildPhase section */

/* Begin PBXSourcesBuildPhase section */
		9E018FB2237AADF1006954CA /* Sources */ = {
			isa = PBXSourcesBuildPhase;
			buildActionMask = 2147483647;
			files = (
				9E018FD8237ABBF6006954CA /* OverlaySegue.swift in Sources */,
				9E018FD9237ABBF6006954CA /* OverlayPresentationController.swift in Sources */,
				9E018FD4237ABA10006954CA /* SlideInPresentationAnimator.swift in Sources */,
				9E018FCE237AAF57006954CA /* SlideInSegue.swift in Sources */,
				9E018FBE237AADF1006954CA /* ViewController.swift in Sources */,
				9E018FD0237AB221006954CA /* DetailViewController.swift in Sources */,
				9E018FBA237AADF1006954CA /* AppDelegate.swift in Sources */,
				9E018FD2237AB33A006954CA /* SlideInPresentationController.swift in Sources */,
				9E018FBC237AADF1006954CA /* SceneDelegate.swift in Sources */,
			);
			runOnlyForDeploymentPostprocessing = 0;
		};
/* End PBXSourcesBuildPhase section */

/* Begin PBXVariantGroup section */
		9E018FBF237AADF1006954CA /* Main.storyboard */ = {
			isa = PBXVariantGroup;
			children = (
				9E018FC0237AADF1006954CA /* Base */,
			);
			name = Main.storyboard;
			sourceTree = "<group>";
		};
		9E018FC4237AADF3006954CA /* LaunchScreen.storyboard */ = {
			isa = PBXVariantGroup;
			children = (
				9E018FC5237AADF3006954CA /* Base */,
			);
			name = LaunchScreen.storyboard;
			sourceTree = "<group>";
		};
/* End PBXVariantGroup section */

/* Begin XCBuildConfiguration section */
		9E018FC8237AADF3006954CA /* Debug */ = {
			isa = XCBuildConfiguration;
			buildSettings = {
				ALWAYS_SEARCH_USER_PATHS = NO;
				CLANG_ANALYZER_NONNULL = YES;
				CLANG_ANALYZER_NUMBER_OBJECT_CONVERSION = YES_AGGRESSIVE;
				CLANG_CXX_LANGUAGE_STANDARD = "gnu++14";
				CLANG_CXX_LIBRARY = "libc++";
				CLANG_ENABLE_MODULES = YES;
				CLANG_ENABLE_OBJC_ARC = YES;
				CLANG_ENABLE_OBJC_WEAK = YES;
				CLANG_WARN_BLOCK_CAPTURE_AUTORELEASING = YES;
				CLANG_WARN_BOOL_CONVERSION = YES;
				CLANG_WARN_COMMA = YES;
				CLANG_WARN_CONSTANT_CONVERSION = YES;
				CLANG_WARN_DEPRECATED_OBJC_IMPLEMENTATIONS = YES;
				CLANG_WARN_DIRECT_OBJC_ISA_USAGE = YES_ERROR;
				CLANG_WARN_DOCUMENTATION_COMMENTS = YES;
				CLANG_WARN_EMPTY_BODY = YES;
				CLANG_WARN_ENUM_CONVERSION = YES;
				CLANG_WARN_INFINITE_RECURSION = YES;
				CLANG_WARN_INT_CONVERSION = YES;
				CLANG_WARN_NON_LITERAL_NULL_CONVERSION = YES;
				CLANG_WARN_OBJC_IMPLICIT_RETAIN_SELF = YES;
				CLANG_WARN_OBJC_LITERAL_CONVERSION = YES;
				CLANG_WARN_OBJC_ROOT_CLASS = YES_ERROR;
				CLANG_WARN_RANGE_LOOP_ANALYSIS = YES;
				CLANG_WARN_STRICT_PROTOTYPES = YES;
				CLANG_WARN_SUSPICIOUS_MOVE = YES;
				CLANG_WARN_UNGUARDED_AVAILABILITY = YES_AGGRESSIVE;
				CLANG_WARN_UNREACHABLE_CODE = YES;
				CLANG_WARN__DUPLICATE_METHOD_MATCH = YES;
				COPY_PHASE_STRIP = NO;
				DEBUG_INFORMATION_FORMAT = dwarf;
				ENABLE_STRICT_OBJC_MSGSEND = YES;
				ENABLE_TESTABILITY = YES;
				GCC_C_LANGUAGE_STANDARD = gnu11;
				GCC_DYNAMIC_NO_PIC = NO;
				GCC_NO_COMMON_BLOCKS = YES;
				GCC_OPTIMIZATION_LEVEL = 0;
				GCC_PREPROCESSOR_DEFINITIONS = (
					"DEBUG=1",
					"$(inherited)",
				);
				GCC_WARN_64_TO_32_BIT_CONVERSION = YES;
				GCC_WARN_ABOUT_RETURN_TYPE = YES_ERROR;
				GCC_WARN_UNDECLARED_SELECTOR = YES;
				GCC_WARN_UNINITIALIZED_AUTOS = YES_AGGRESSIVE;
				GCC_WARN_UNUSED_FUNCTION = YES;
				GCC_WARN_UNUSED_VARIABLE = YES;
				IPHONEOS_DEPLOYMENT_TARGET = 13.0;
				MTL_ENABLE_DEBUG_INFO = INCLUDE_SOURCE;
				MTL_FAST_MATH = YES;
				ONLY_ACTIVE_ARCH = YES;
				SDKROOT = iphoneos;
				SWIFT_ACTIVE_COMPILATION_CONDITIONS = DEBUG;
				SWIFT_OPTIMIZATION_LEVEL = "-Onone";
			};
			name = Debug;
		};
		9E018FC9237AADF3006954CA /* Release */ = {
			isa = XCBuildConfiguration;
			buildSettings = {
				ALWAYS_SEARCH_USER_PATHS = NO;
				CLANG_ANALYZER_NONNULL = YES;
				CLANG_ANALYZER_NUMBER_OBJECT_CONVERSION = YES_AGGRESSIVE;
				CLANG_CXX_LANGUAGE_STANDARD = "gnu++14";
				CLANG_CXX_LIBRARY = "libc++";
				CLANG_ENABLE_MODULES = YES;
				CLANG_ENABLE_OBJC_ARC = YES;
				CLANG_ENABLE_OBJC_WEAK = YES;
				CLANG_WARN_BLOCK_CAPTURE_AUTORELEASING = YES;
				CLANG_WARN_BOOL_CONVERSION = YES;
				CLANG_WARN_COMMA = YES;
				CLANG_WARN_CONSTANT_CONVERSION = YES;
				CLANG_WARN_DEPRECATED_OBJC_IMPLEMENTATIONS = YES;
				CLANG_WARN_DIRECT_OBJC_ISA_USAGE = YES_ERROR;
				CLANG_WARN_DOCUMENTATION_COMMENTS = YES;
				CLANG_WARN_EMPTY_BODY = YES;
				CLANG_WARN_ENUM_CONVERSION = YES;
				CLANG_WARN_INFINITE_RECURSION = YES;
				CLANG_WARN_INT_CONVERSION = YES;
				CLANG_WARN_NON_LITERAL_NULL_CONVERSION = YES;
				CLANG_WARN_OBJC_IMPLICIT_RETAIN_SELF = YES;
				CLANG_WARN_OBJC_LITERAL_CONVERSION = YES;
				CLANG_WARN_OBJC_ROOT_CLASS = YES_ERROR;
				CLANG_WARN_RANGE_LOOP_ANALYSIS = YES;
				CLANG_WARN_STRICT_PROTOTYPES = YES;
				CLANG_WARN_SUSPICIOUS_MOVE = YES;
				CLANG_WARN_UNGUARDED_AVAILABILITY = YES_AGGRESSIVE;
				CLANG_WARN_UNREACHABLE_CODE = YES;
				CLANG_WARN__DUPLICATE_METHOD_MATCH = YES;
				COPY_PHASE_STRIP = NO;
				DEBUG_INFORMATION_FORMAT = "dwarf-with-dsym";
				ENABLE_NS_ASSERTIONS = NO;
				ENABLE_STRICT_OBJC_MSGSEND = YES;
				GCC_C_LANGUAGE_STANDARD = gnu11;
				GCC_NO_COMMON_BLOCKS = YES;
				GCC_WARN_64_TO_32_BIT_CONVERSION = YES;
				GCC_WARN_ABOUT_RETURN_TYPE = YES_ERROR;
				GCC_WARN_UNDECLARED_SELECTOR = YES;
				GCC_WARN_UNINITIALIZED_AUTOS = YES_AGGRESSIVE;
				GCC_WARN_UNUSED_FUNCTION = YES;
				GCC_WARN_UNUSED_VARIABLE = YES;
				IPHONEOS_DEPLOYMENT_TARGET = 13.0;
				MTL_ENABLE_DEBUG_INFO = NO;
				MTL_FAST_MATH = YES;
				SDKROOT = iphoneos;
				SWIFT_COMPILATION_MODE = wholemodule;
				SWIFT_OPTIMIZATION_LEVEL = "-O";
				VALIDATE_PRODUCT = YES;
			};
			name = Release;
		};
		9E018FCB237AADF3006954CA /* Debug */ = {
			isa = XCBuildConfiguration;
			buildSettings = {
				ASSETCATALOG_COMPILER_APPICON_NAME = AppIcon;
				CODE_SIGN_STYLE = Automatic;
				DEVELOPMENT_TEAM = 9CV8MBD695;
				INFOPLIST_FILE = PresentationController/Info.plist;
				LD_RUNPATH_SEARCH_PATHS = (
					"$(inherited)",
					"@executable_path/Frameworks",
				);
				PRODUCT_BUNDLE_IDENTIFIER = no.michaelevensen.PresentationController;
				PRODUCT_NAME = "$(TARGET_NAME)";
				SWIFT_VERSION = 5.0;
				TARGETED_DEVICE_FAMILY = "1,2";
			};
			name = Debug;
		};
		9E018FCC237AADF3006954CA /* Release */ = {
			isa = XCBuildConfiguration;
			buildSettings = {
				ASSETCATALOG_COMPILER_APPICON_NAME = AppIcon;
				CODE_SIGN_STYLE = Automatic;
				DEVELOPMENT_TEAM = 9CV8MBD695;
				INFOPLIST_FILE = PresentationController/Info.plist;
				LD_RUNPATH_SEARCH_PATHS = (
					"$(inherited)",
					"@executable_path/Frameworks",
				);
				PRODUCT_BUNDLE_IDENTIFIER = no.michaelevensen.PresentationController;
				PRODUCT_NAME = "$(TARGET_NAME)";
				SWIFT_VERSION = 5.0;
				TARGETED_DEVICE_FAMILY = "1,2";
			};
			name = Release;
		};
/* End XCBuildConfiguration section */

/* Begin XCConfigurationList section */
		9E018FB1237AADF1006954CA /* Build configuration list for PBXProject "PresentationController" */ = {
			isa = XCConfigurationList;
			buildConfigurations = (
				9E018FC8237AADF3006954CA /* Debug */,
				9E018FC9237AADF3006954CA /* Release */,
			);
			defaultConfigurationIsVisible = 0;
			defaultConfigurationName = Release;
		};
		9E018FCA237AADF3006954CA /* Build configuration list for PBXNativeTarget "PresentationController" */ = {
			isa = XCConfigurationList;
			buildConfigurations = (
				9E018FCB237AADF3006954CA /* Debug */,
				9E018FCC237AADF3006954CA /* Release */,
			);
			defaultConfigurationIsVisible = 0;
			defaultConfigurationName = Release;
		};
/* End XCConfigurationList section */
	};
	rootObject = 9E018FAE237AADF1006954CA /* Project object */;
}
